
Microsoft Visual Studio Solution File, Format Version 12.00
# Visual Studio 2012
Project("{FAE04EC0-301F-11D3-BF4B-00C04F79EFBC}") = "S3Storage", "S3Storage.csproj", "{8CFB233F-84F6-45B0-89A5-9CE3EA4E05E2}"
EndProject
Project("{FAE04EC0-301F-11D3-BF4B-00C04F79EFBC}") = "Test", "Test\Test.csproj", "{6DD2E45E-1B1C-49D0-80CA-4660BBEEC4BA}"
EndProject
Project("{FAE04EC0-301F-11D3-BF4B-00C04F79EFBC}") = "S3StorageSample.iOS", "Xamarin Component\samples\S3StorageSample\S3StorageSample.iOS\S3StorageSample.iOS.csproj", "{5683704E-4608-414C-AB8C-1A57747384BD}"
EndProject
Project("{FAE04EC0-301F-11D3-BF4B-00C04F79EFBC}") = "S3StorageSample.Droid", "Xamarin Component\samples\S3StorageSample\S3StorageSample.Droid\S3StorageSample.Droid.csproj", "{8C74D9AA-BC9D-4FAC-862D-B3BC3D5EF271}"
EndProject
Project("{D954291E-2A0B-460D-934E-DC6B0785DB48}") = "S3StorageSample.Core", "S3StorageSample.Core\S3StorageSample.Core.shproj", "{DED5DB4B-03EB-408C-B6FC-A8E96F82DE9B}"
EndProject
Global
	GlobalSection(SolutionConfigurationPlatforms) = preSolution
		Debug|Any CPU = Debug|Any CPU
		Release|Any CPU = Release|Any CPU
		Debug|iPhoneSimulator = Debug|iPhoneSimulator
		Release|iPhoneSimulator = Release|iPhoneSimulator
		Debug|iPhone = Debug|iPhone
		Release|iPhone = Release|iPhone
		Ad-Hoc|iPhone = Ad-Hoc|iPhone
		AppStore|iPhone = AppStore|iPhone
	EndGlobalSection
	GlobalSection(ProjectConfigurationPlatforms) = postSolution
		{5683704E-4608-414C-AB8C-1A57747384BD}.Ad-Hoc|iPhone.ActiveCfg = Ad-Hoc|iPhone
		{5683704E-4608-414C-AB8C-1A57747384BD}.Ad-Hoc|iPhone.Build.0 = Ad-Hoc|iPhone
		{5683704E-4608-414C-AB8C-1A57747384BD}.AppStore|iPhone.ActiveCfg = AppStore|iPhone
		{5683704E-4608-414C-AB8C-1A57747384BD}.AppStore|iPhone.Build.0 = AppStore|iPhone
		{5683704E-4608-414C-AB8C-1A57747384BD}.Debug|Any CPU.ActiveCfg = Debug|iPhoneSimulator
		{5683704E-4608-414C-AB8C-1A57747384BD}.Debug|Any CPU.Build.0 = Debug|iPhoneSimulator
		{5683704E-4608-414C-AB8C-1A57747384BD}.Debug|iPhone.ActiveCfg = Debug|iPhone
		{5683704E-4608-414C-AB8C-1A57747384BD}.Debug|iPhone.Build.0 = Debug|iPhone
		{5683704E-4608-414C-AB8C-1A57747384BD}.Debug|iPhoneSimulator.ActiveCfg = Debug|iPhoneSimulator
		{5683704E-4608-414C-AB8C-1A57747384BD}.Debug|iPhoneSimulator.Build.0 = Debug|iPhoneSimulator
		{5683704E-4608-414C-AB8C-1A57747384BD}.Release|Any CPU.ActiveCfg = Release|iPhoneSimulator
		{5683704E-4608-414C-AB8C-1A57747384BD}.Release|Any CPU.Build.0 = Release|iPhoneSimulator
		{5683704E-4608-414C-AB8C-1A57747384BD}.Release|iPhone.ActiveCfg = Release|iPhone
		{5683704E-4608-414C-AB8C-1A57747384BD}.Release|iPhone.Build.0 = Release|iPhone
		{5683704E-4608-414C-AB8C-1A57747384BD}.Release|iPhoneSimulator.ActiveCfg = Release|iPhoneSimulator
		{5683704E-4608-414C-AB8C-1A57747384BD}.Release|iPhoneSimulator.Build.0 = Release|iPhoneSimulator
		{8C74D9AA-BC9D-4FAC-862D-B3BC3D5EF271}.Ad-Hoc|iPhone.ActiveCfg = Debug|Any CPU
		{8C74D9AA-BC9D-4FAC-862D-B3BC3D5EF271}.Ad-Hoc|iPhone.Build.0 = Debug|Any CPU
		{8C74D9AA-BC9D-4FAC-862D-B3BC3D5EF271}.AppStore|iPhone.ActiveCfg = Debug|Any CPU
		{8C74D9AA-BC9D-4FAC-862D-B3BC3D5EF271}.AppStore|iPhone.Build.0 = Debug|Any CPU
		{8C74D9AA-BC9D-4FAC-862D-B3BC3D5EF271}.Debug|Any CPU.ActiveCfg = Debug|Any CPU
		{8C74D9AA-BC9D-4FAC-862D-B3BC3D5EF271}.Debug|Any CPU.Build.0 = Debug|Any CPU
		{8C74D9AA-BC9D-4FAC-862D-B3BC3D5EF271}.Debug|iPhone.ActiveCfg = Debug|Any CPU
		{8C74D9AA-BC9D-4FAC-862D-B3BC3D5EF271}.Debug|iPhone.Build.0 = Debug|Any CPU
		{8C74D9AA-BC9D-4FAC-862D-B3BC3D5EF271}.Debug|iPhoneSimulator.ActiveCfg = Debug|Any CPU
		{8C74D9AA-BC9D-4FAC-862D-B3BC3D5EF271}.Debug|iPhoneSimulator.Build.0 = Debug|Any CPU
		{8C74D9AA-BC9D-4FAC-862D-B3BC3D5EF271}.Release|Any CPU.ActiveCfg = Release|Any CPU
		{8C74D9AA-BC9D-4FAC-862D-B3BC3D5EF271}.Release|Any CPU.Build.0 = Release|Any CPU
		{8C74D9AA-BC9D-4FAC-862D-B3BC3D5EF271}.Release|iPhone.ActiveCfg = Release|Any CPU
		{8C74D9AA-BC9D-4FAC-862D-B3BC3D5EF271}.Release|iPhone.Build.0 = Release|Any CPU
		{8C74D9AA-BC9D-4FAC-862D-B3BC3D5EF271}.Release|iPhoneSimulator.ActiveCfg = Release|Any CPU
		{8C74D9AA-BC9D-4FAC-862D-B3BC3D5EF271}.Release|iPhoneSimulator.Build.0 = Release|Any CPU
		{8CFB233F-84F6-45B0-89A5-9CE3EA4E05E2}.Ad-Hoc|iPhone.ActiveCfg = Debug|Any CPU
		{8CFB233F-84F6-45B0-89A5-9CE3EA4E05E2}.Ad-Hoc|iPhone.Build.0 = Debug|Any CPU
		{8CFB233F-84F6-45B0-89A5-9CE3EA4E05E2}.AppStore|iPhone.ActiveCfg = Debug|Any CPU
		{8CFB233F-84F6-45B0-89A5-9CE3EA4E05E2}.AppStore|iPhone.Build.0 = Debug|Any CPU
		{8CFB233F-84F6-45B0-89A5-9CE3EA4E05E2}.Debug|Any CPU.ActiveCfg = Debug|Any CPU
		{8CFB233F-84F6-45B0-89A5-9CE3EA4E05E2}.Debug|Any CPU.Build.0 = Debug|Any CPU
		{8CFB233F-84F6-45B0-89A5-9CE3EA4E05E2}.Debug|iPhone.ActiveCfg = Debug|Any CPU
		{8CFB233F-84F6-45B0-89A5-9CE3EA4E05E2}.Debug|iPhone.Build.0 = Debug|Any CPU
		{8CFB233F-84F6-45B0-89A5-9CE3EA4E05E2}.Debug|iPhoneSimulator.ActiveCfg = Debug|Any CPU
		{8CFB233F-84F6-45B0-89A5-9CE3EA4E05E2}.Debug|iPhoneSimulator.Build.0 = Debug|Any CPU
		{8CFB233F-84F6-45B0-89A5-9CE3EA4E05E2}.Release|Any CPU.ActiveCfg = Release|Any CPU
		{8CFB233F-84F6-45B0-89A5-9CE3EA4E05E2}.Release|Any CPU.Build.0 = Release|Any CPU
		{8CFB233F-84F6-45B0-89A5-9CE3EA4E05E2}.Release|iPhone.ActiveCfg = Release|Any CPU
		{8CFB233F-84F6-45B0-89A5-9CE3EA4E05E2}.Release|iPhone.Build.0 = Release|Any CPU
		{8CFB233F-84F6-45B0-89A5-9CE3EA4E05E2}.Release|iPhoneSimulator.ActiveCfg = Release|Any CPU
		{8CFB233F-84F6-45B0-89A5-9CE3EA4E05E2}.Release|iPhoneSimulator.Build.0 = Release|Any CPU
	EndGlobalSection
	GlobalSection(MonoDevelopProperties) = preSolution
		StartupItem = Xamarin Component\samples\S3StorageSample\S3StorageSample.iOS\S3StorageSample.iOS.csproj
		Policies = $0
		$0.DotNetNamingPolicy = $1
		$1.DirectoryNamespaceAssociation = PrefixedFlat
		$1.ResourceNamePolicy = FileFormatDefault
	EndGlobalSection
EndGlobal
