
Microsoft Visual Studio Solution File, Format Version 12.00
# Visual Studio 2012
Project("{D954291E-2A0B-460D-934E-DC6B0785DB48}") = "S3StorageSample.Core", "S3StorageSample.Core\S3StorageSample.Core.shproj", "{F60FDEFA-E8A1-425B-BC99-CE10E1660139}"
EndProject
Project("{FAE04EC0-301F-11D3-BF4B-00C04F79EFBC}") = "S3StorageSample.Droid", "S3StorageSample.Droid\S3StorageSample.Droid.csproj", "{8C74D9AA-BC9D-4FAC-862D-B3BC3D5EF271}"
EndProject
Project("{FAE04EC0-301F-11D3-BF4B-00C04F79EFBC}") = "S3StorageSample.iOS", "S3StorageSample.iOS\S3StorageSample.iOS.csproj", "{5683704E-4608-414C-AB8C-1A57747384BD}"
EndProject
Global
	GlobalSection(SolutionConfigurationPlatforms) = preSolution
		Debug|iPhoneSimulator = Debug|iPhoneSimulator
		Release|iPhoneSimulator = Release|iPhoneSimulator
		Debug|iPhone = Debug|iPhone
		Release|iPhone = Release|iPhone
		Ad-Hoc|iPhone = Ad-Hoc|iPhone
		AppStore|iPhone = AppStore|iPhone
	EndGlobalSection
	GlobalSection(ProjectConfigurationPlatforms) = postSolution
		{5683704E-4608-414C-AB8C-1A57747384BD}.Ad-Hoc|iPhone.ActiveCfg = Ad-Hoc|iPhone
		{5683704E-4608-414C-AB8C-1A57747384BD}.Ad-Hoc|iPhone.Build.0 = Ad-Hoc|iPhone
		{5683704E-4608-414C-AB8C-1A57747384BD}.AppStore|iPhone.ActiveCfg = AppStore|iPhone
		{5683704E-4608-414C-AB8C-1A57747384BD}.AppStore|iPhone.Build.0 = AppStore|iPhone
		{5683704E-4608-414C-AB8C-1A57747384BD}.Debug|iPhone.ActiveCfg = Debug|iPhone
		{5683704E-4608-414C-AB8C-1A57747384BD}.Debug|iPhone.Build.0 = Debug|iPhone
		{5683704E-4608-414C-AB8C-1A57747384BD}.Debug|iPhoneSimulator.ActiveCfg = Debug|iPhoneSimulator
		{5683704E-4608-414C-AB8C-1A57747384BD}.Debug|iPhoneSimulator.Build.0 = Debug|iPhoneSimulator
		{5683704E-4608-414C-AB8C-1A57747384BD}.Release|iPhone.ActiveCfg = Release|iPhone
		{5683704E-4608-414C-AB8C-1A57747384BD}.Release|iPhone.Build.0 = Release|iPhone
		{5683704E-4608-414C-AB8C-1A57747384BD}.Release|iPhoneSimulator.ActiveCfg = Release|iPhoneSimulator
		{5683704E-4608-414C-AB8C-1A57747384BD}.Release|iPhoneSimulator.Build.0 = Release|iPhoneSimulator
		{8C74D9AA-BC9D-4FAC-862D-B3BC3D5EF271}.Ad-Hoc|iPhone.ActiveCfg = Release|Any CPU
		{8C74D9AA-BC9D-4FAC-862D-B3BC3D5EF271}.Ad-Hoc|iPhone.Build.0 = Release|Any CPU
		{8C74D9AA-BC9D-4FAC-862D-B3BC3D5EF271}.AppStore|iPhone.ActiveCfg = Release|Any CPU
		{8C74D9AA-BC9D-4FAC-862D-B3BC3D5EF271}.AppStore|iPhone.Build.0 = Release|Any CPU
		{8C74D9AA-BC9D-4FAC-862D-B3BC3D5EF271}.Debug|iPhone.ActiveCfg = Debug|Any CPU
		{8C74D9AA-BC9D-4FAC-862D-B3BC3D5EF271}.Debug|iPhone.Build.0 = Debug|Any CPU
		{8C74D9AA-BC9D-4FAC-862D-B3BC3D5EF271}.Debug|iPhoneSimulator.ActiveCfg = Debug|Any CPU
		{8C74D9AA-BC9D-4FAC-862D-B3BC3D5EF271}.Debug|iPhoneSimulator.Build.0 = Debug|Any CPU
		{8C74D9AA-BC9D-4FAC-862D-B3BC3D5EF271}.Release|iPhone.ActiveCfg = Release|Any CPU
		{8C74D9AA-BC9D-4FAC-862D-B3BC3D5EF271}.Release|iPhone.Build.0 = Release|Any CPU
		{8C74D9AA-BC9D-4FAC-862D-B3BC3D5EF271}.Release|iPhoneSimulator.ActiveCfg = Release|Any CPU
		{8C74D9AA-BC9D-4FAC-862D-B3BC3D5EF271}.Release|iPhoneSimulator.Build.0 = Release|Any CPU
	EndGlobalSection
	GlobalSection(MonoDevelopProperties) = preSolution
		StartupItem = S3StorageSample.iOS\S3StorageSample.iOS.csproj
	EndGlobalSection
EndGlobal
